
Microsoft Visual Studio Solution File, Format Version 10.00
# Visual Studio 2008
Project("{8BC9CEB8-8B4A-11D0-8D11-00A0C91BC942}") = "T08ANIM", "T08ANIM.vcproj", "{71676DEF-6700-474E-AE9A-D96CC3F0E28E}"
EndProject
Global
	GlobalSection(SolutionConfigurationPlatforms) = preSolution
		Debug|Win32 = Debug|Win32
		Release|Win32 = Release|Win32
	EndGlobalSection
	GlobalSection(ProjectConfigurationPlatforms) = postSolution
		{71676DEF-6700-474E-AE9A-D96CC3F0E28E}.Debug|Win32.ActiveCfg = Debug|Win32
		{71676DEF-6700-474E-AE9A-D96CC3F0E28E}.Debug|Win32.Build.0 = Debug|Win32
		{71676DEF-6700-474E-AE9A-D96CC3F0E28E}.Release|Win32.ActiveCfg = Release|Win32
		{71676DEF-6700-474E-AE9A-D96CC3F0E28E}.Release|Win32.Build.0 = Release|Win32
	EndGlobalSection
	GlobalSection(SolutionProperties) = preSolution
		HideSolutionNode = FALSE
	EndGlobalSection
EndGlobal
